
Microsoft Visual Studio Solution File, Format Version 12.00
# Visual Studio Express 2012 for Windows Desktop
Project("{FAE04EC0-301F-11D3-BF4B-00C04F79EFBC}") = "Cryphous", "Cryphous\Cryphous.csproj", "{488B4858-EE99-4ECF-A293-A89D67612241}"
	ProjectSection(ProjectDependencies) = postProject
		{CC78BD1A-2C14-4219-915D-1C5320C662FE} = {CC78BD1A-2C14-4219-915D-1C5320C662FE}
	EndProjectSection
EndProject
Project("{8BC9CEB8-8B4A-11D0-8D11-00A0C91BC942}") = "CrystalPhysics", "CrystalPhysics\CrystalPhysics.vcxproj", "{4DA5021F-0C06-476A-8387-6F744042D459}"
EndProject
Project("{8BC9CEB8-8B4A-11D0-8D11-00A0C91BC942}") = "CrystalGraphics", "CrystalGraphics\CrystalGraphics.vcxproj", "{F53B8190-D7D4-4713-96B1-99DD0BFA0010}"
	ProjectSection(ProjectDependencies) = postProject
		{4DA5021F-0C06-476A-8387-6F744042D459} = {4DA5021F-0C06-476A-8387-6F744042D459}
	EndProjectSection
EndProject
Project("{8BC9CEB8-8B4A-11D0-8D11-00A0C91BC942}") = "CrystalCommand", "CrystalCommand\CrystalCommand.vcxproj", "{CC78BD1A-2C14-4219-915D-1C5320C662FE}"
	ProjectSection(ProjectDependencies) = postProject
		{3DB61408-BFAA-4587-A3E3-135662D2C7A1} = {3DB61408-BFAA-4587-A3E3-135662D2C7A1}
		{4DA5021F-0C06-476A-8387-6F744042D459} = {4DA5021F-0C06-476A-8387-6F744042D459}
		{F53B8190-D7D4-4713-96B1-99DD0BFA0010} = {F53B8190-D7D4-4713-96B1-99DD0BFA0010}
	EndProjectSection
EndProject
Project("{8BC9CEB8-8B4A-11D0-8D11-00A0C91BC942}") = "CrystalPhysicsTest", "CrystalPhysics\CrystalPhysicsTest.vcxproj", "{893ABA3A-6780-4DF7-9F6F-7D07D8D6A62E}"
	ProjectSection(ProjectDependencies) = postProject
		{4DA5021F-0C06-476A-8387-6F744042D459} = {4DA5021F-0C06-476A-8387-6F744042D459}
	EndProjectSection
EndProject
Project("{8BC9CEB8-8B4A-11D0-8D11-00A0C91BC942}") = "CrystalGeomTest", "CrystalGeom\CrystalGeomTest.vcxproj", "{EB8F144E-AF6B-435E-B5B4-7B0C002D41C1}"
EndProject
Project("{8BC9CEB8-8B4A-11D0-8D11-00A0C91BC942}") = "CrystalShader", "CrystalShader\CrystalShader.vcxproj", "{3DB61408-BFAA-4587-A3E3-135662D2C7A1}"
EndProject
Project("{8BC9CEB8-8B4A-11D0-8D11-00A0C91BC942}") = "CrystalShaderTest", "CrystalShader\CrystalShaderTest.vcxproj", "{C320C292-83A3-4FFB-8CC8-45DAC626042B}"
	ProjectSection(ProjectDependencies) = postProject
		{3DB61408-BFAA-4587-A3E3-135662D2C7A1} = {3DB61408-BFAA-4587-A3E3-135662D2C7A1}
	EndProjectSection
EndProject
Global
	GlobalSection(SolutionConfigurationPlatforms) = preSolution
		Debug|Any CPU = Debug|Any CPU
		Debug|Mixed Platforms = Debug|Mixed Platforms
		Debug|Win32 = Debug|Win32
		Debug|x64 = Debug|x64
		Debug|x86 = Debug|x86
		Release|Any CPU = Release|Any CPU
		Release|Mixed Platforms = Release|Mixed Platforms
		Release|Win32 = Release|Win32
		Release|x64 = Release|x64
		Release|x86 = Release|x86
	EndGlobalSection
	GlobalSection(ProjectConfigurationPlatforms) = postSolution
		{488B4858-EE99-4ECF-A293-A89D67612241}.Debug|Any CPU.ActiveCfg = Debug|Any CPU
		{488B4858-EE99-4ECF-A293-A89D67612241}.Debug|Any CPU.Build.0 = Debug|Any CPU
		{488B4858-EE99-4ECF-A293-A89D67612241}.Debug|Mixed Platforms.ActiveCfg = Debug|x86
		{488B4858-EE99-4ECF-A293-A89D67612241}.Debug|Mixed Platforms.Build.0 = Debug|x86
		{488B4858-EE99-4ECF-A293-A89D67612241}.Debug|Win32.ActiveCfg = Debug|x86
		{488B4858-EE99-4ECF-A293-A89D67612241}.Debug|Win32.Build.0 = Debug|x86
		{488B4858-EE99-4ECF-A293-A89D67612241}.Debug|x64.ActiveCfg = Debug|x64
		{488B4858-EE99-4ECF-A293-A89D67612241}.Debug|x64.Build.0 = Debug|x64
		{488B4858-EE99-4ECF-A293-A89D67612241}.Debug|x86.ActiveCfg = Debug|x86
		{488B4858-EE99-4ECF-A293-A89D67612241}.Debug|x86.Build.0 = Debug|x86
		{488B4858-EE99-4ECF-A293-A89D67612241}.Release|Any CPU.ActiveCfg = Release|Any CPU
		{488B4858-EE99-4ECF-A293-A89D67612241}.Release|Any CPU.Build.0 = Release|Any CPU
		{488B4858-EE99-4ECF-A293-A89D67612241}.Release|Mixed Platforms.ActiveCfg = Release|x86
		{488B4858-EE99-4ECF-A293-A89D67612241}.Release|Mixed Platforms.Build.0 = Release|x86
		{488B4858-EE99-4ECF-A293-A89D67612241}.Release|Win32.ActiveCfg = Release|x86
		{488B4858-EE99-4ECF-A293-A89D67612241}.Release|Win32.Build.0 = Release|x86
		{488B4858-EE99-4ECF-A293-A89D67612241}.Release|x64.ActiveCfg = Release|x64
		{488B4858-EE99-4ECF-A293-A89D67612241}.Release|x64.Build.0 = Release|x64
		{488B4858-EE99-4ECF-A293-A89D67612241}.Release|x86.ActiveCfg = Release|x86
		{488B4858-EE99-4ECF-A293-A89D67612241}.Release|x86.Build.0 = Release|x86
		{4DA5021F-0C06-476A-8387-6F744042D459}.Debug|Any CPU.ActiveCfg = Debug|Win32
		{4DA5021F-0C06-476A-8387-6F744042D459}.Debug|Mixed Platforms.ActiveCfg = Debug|Win32
		{4DA5021F-0C06-476A-8387-6F744042D459}.Debug|Mixed Platforms.Build.0 = Debug|Win32
		{4DA5021F-0C06-476A-8387-6F744042D459}.Debug|Win32.ActiveCfg = Debug|Win32
		{4DA5021F-0C06-476A-8387-6F744042D459}.Debug|Win32.Build.0 = Debug|Win32
		{4DA5021F-0C06-476A-8387-6F744042D459}.Debug|x64.ActiveCfg = Debug|x64
		{4DA5021F-0C06-476A-8387-6F744042D459}.Debug|x64.Build.0 = Debug|x64
		{4DA5021F-0C06-476A-8387-6F744042D459}.Debug|x86.ActiveCfg = Debug|Win32
		{4DA5021F-0C06-476A-8387-6F744042D459}.Debug|x86.Build.0 = Debug|Win32
		{4DA5021F-0C06-476A-8387-6F744042D459}.Release|Any CPU.ActiveCfg = Release|Win32
		{4DA5021F-0C06-476A-8387-6F744042D459}.Release|Mixed Platforms.ActiveCfg = Release|Win32
		{4DA5021F-0C06-476A-8387-6F744042D459}.Release|Mixed Platforms.Build.0 = Release|Win32
		{4DA5021F-0C06-476A-8387-6F744042D459}.Release|Win32.ActiveCfg = Release|Win32
		{4DA5021F-0C06-476A-8387-6F744042D459}.Release|Win32.Build.0 = Release|Win32
		{4DA5021F-0C06-476A-8387-6F744042D459}.Release|x64.ActiveCfg = Release|x64
		{4DA5021F-0C06-476A-8387-6F744042D459}.Release|x64.Build.0 = Release|x64
		{4DA5021F-0C06-476A-8387-6F744042D459}.Release|x86.ActiveCfg = Release|Win32
		{4DA5021F-0C06-476A-8387-6F744042D459}.Release|x86.Build.0 = Release|Win32
		{F53B8190-D7D4-4713-96B1-99DD0BFA0010}.Debug|Any CPU.ActiveCfg = Debug|Win32
		{F53B8190-D7D4-4713-96B1-99DD0BFA0010}.Debug|Mixed Platforms.ActiveCfg = Debug|Win32
		{F53B8190-D7D4-4713-96B1-99DD0BFA0010}.Debug|Mixed Platforms.Build.0 = Debug|Win32
		{F53B8190-D7D4-4713-96B1-99DD0BFA0010}.Debug|Win32.ActiveCfg = Debug|Win32
		{F53B8190-D7D4-4713-96B1-99DD0BFA0010}.Debug|Win32.Build.0 = Debug|Win32
		{F53B8190-D7D4-4713-96B1-99DD0BFA0010}.Debug|x64.ActiveCfg = Debug|x64
		{F53B8190-D7D4-4713-96B1-99DD0BFA0010}.Debug|x64.Build.0 = Debug|x64
		{F53B8190-D7D4-4713-96B1-99DD0BFA0010}.Debug|x86.ActiveCfg = Debug|Win32
		{F53B8190-D7D4-4713-96B1-99DD0BFA0010}.Debug|x86.Build.0 = Debug|Win32
		{F53B8190-D7D4-4713-96B1-99DD0BFA0010}.Release|Any CPU.ActiveCfg = Release|Win32
		{F53B8190-D7D4-4713-96B1-99DD0BFA0010}.Release|Mixed Platforms.ActiveCfg = Release|Win32
		{F53B8190-D7D4-4713-96B1-99DD0BFA0010}.Release|Mixed Platforms.Build.0 = Release|Win32
		{F53B8190-D7D4-4713-96B1-99DD0BFA0010}.Release|Win32.ActiveCfg = Release|Win32
		{F53B8190-D7D4-4713-96B1-99DD0BFA0010}.Release|Win32.Build.0 = Release|Win32
		{F53B8190-D7D4-4713-96B1-99DD0BFA0010}.Release|x64.ActiveCfg = Release|x64
		{F53B8190-D7D4-4713-96B1-99DD0BFA0010}.Release|x64.Build.0 = Release|x64
		{F53B8190-D7D4-4713-96B1-99DD0BFA0010}.Release|x86.ActiveCfg = Release|Win32
		{F53B8190-D7D4-4713-96B1-99DD0BFA0010}.Release|x86.Build.0 = Release|Win32
		{CC78BD1A-2C14-4219-915D-1C5320C662FE}.Debug|Any CPU.ActiveCfg = Debug|Win32
		{CC78BD1A-2C14-4219-915D-1C5320C662FE}.Debug|Mixed Platforms.ActiveCfg = Debug|Win32
		{CC78BD1A-2C14-4219-915D-1C5320C662FE}.Debug|Mixed Platforms.Build.0 = Debug|Win32
		{CC78BD1A-2C14-4219-915D-1C5320C662FE}.Debug|Win32.ActiveCfg = Debug|Win32
		{CC78BD1A-2C14-4219-915D-1C5320C662FE}.Debug|Win32.Build.0 = Debug|Win32
		{CC78BD1A-2C14-4219-915D-1C5320C662FE}.Debug|x64.ActiveCfg = Debug|x64
		{CC78BD1A-2C14-4219-915D-1C5320C662FE}.Debug|x64.Build.0 = Debug|x64
		{CC78BD1A-2C14-4219-915D-1C5320C662FE}.Debug|x86.ActiveCfg = Debug|Win32
		{CC78BD1A-2C14-4219-915D-1C5320C662FE}.Debug|x86.Build.0 = Debug|Win32
		{CC78BD1A-2C14-4219-915D-1C5320C662FE}.Release|Any CPU.ActiveCfg = Release|Win32
		{CC78BD1A-2C14-4219-915D-1C5320C662FE}.Release|Mixed Platforms.ActiveCfg = Release|Win32
		{CC78BD1A-2C14-4219-915D-1C5320C662FE}.Release|Mixed Platforms.Build.0 = Release|Win32
		{CC78BD1A-2C14-4219-915D-1C5320C662FE}.Release|Win32.ActiveCfg = Release|Win32
		{CC78BD1A-2C14-4219-915D-1C5320C662FE}.Release|Win32.Build.0 = Release|Win32
		{CC78BD1A-2C14-4219-915D-1C5320C662FE}.Release|x64.ActiveCfg = Release|x64
		{CC78BD1A-2C14-4219-915D-1C5320C662FE}.Release|x64.Build.0 = Release|x64
		{CC78BD1A-2C14-4219-915D-1C5320C662FE}.Release|x86.ActiveCfg = Release|Win32
		{CC78BD1A-2C14-4219-915D-1C5320C662FE}.Release|x86.Build.0 = Release|Win32
		{893ABA3A-6780-4DF7-9F6F-7D07D8D6A62E}.Debug|Any CPU.ActiveCfg = Debug|Win32
		{893ABA3A-6780-4DF7-9F6F-7D07D8D6A62E}.Debug|Mixed Platforms.ActiveCfg = Debug|Win32
		{893ABA3A-6780-4DF7-9F6F-7D07D8D6A62E}.Debug|Mixed Platforms.Build.0 = Debug|Win32
		{893ABA3A-6780-4DF7-9F6F-7D07D8D6A62E}.Debug|Win32.ActiveCfg = Debug|Win32
		{893ABA3A-6780-4DF7-9F6F-7D07D8D6A62E}.Debug|Win32.Build.0 = Debug|Win32
		{893ABA3A-6780-4DF7-9F6F-7D07D8D6A62E}.Debug|x64.ActiveCfg = Debug|x64
		{893ABA3A-6780-4DF7-9F6F-7D07D8D6A62E}.Debug|x64.Build.0 = Debug|x64
		{893ABA3A-6780-4DF7-9F6F-7D07D8D6A62E}.Debug|x86.ActiveCfg = Debug|Win32
		{893ABA3A-6780-4DF7-9F6F-7D07D8D6A62E}.Debug|x86.Build.0 = Debug|Win32
		{893ABA3A-6780-4DF7-9F6F-7D07D8D6A62E}.Release|Any CPU.ActiveCfg = Release|Win32
		{893ABA3A-6780-4DF7-9F6F-7D07D8D6A62E}.Release|Mixed Platforms.ActiveCfg = Release|Win32
		{893ABA3A-6780-4DF7-9F6F-7D07D8D6A62E}.Release|Mixed Platforms.Build.0 = Release|Win32
		{893ABA3A-6780-4DF7-9F6F-7D07D8D6A62E}.Release|Win32.ActiveCfg = Release|Win32
		{893ABA3A-6780-4DF7-9F6F-7D07D8D6A62E}.Release|Win32.Build.0 = Release|Win32
		{893ABA3A-6780-4DF7-9F6F-7D07D8D6A62E}.Release|x64.ActiveCfg = Release|x64
		{893ABA3A-6780-4DF7-9F6F-7D07D8D6A62E}.Release|x64.Build.0 = Release|x64
		{893ABA3A-6780-4DF7-9F6F-7D07D8D6A62E}.Release|x86.ActiveCfg = Release|Win32
		{893ABA3A-6780-4DF7-9F6F-7D07D8D6A62E}.Release|x86.Build.0 = Release|Win32
		{EB8F144E-AF6B-435E-B5B4-7B0C002D41C1}.Debug|Any CPU.ActiveCfg = Debug|Win32
		{EB8F144E-AF6B-435E-B5B4-7B0C002D41C1}.Debug|Mixed Platforms.ActiveCfg = Debug|Win32
		{EB8F144E-AF6B-435E-B5B4-7B0C002D41C1}.Debug|Mixed Platforms.Build.0 = Debug|Win32
		{EB8F144E-AF6B-435E-B5B4-7B0C002D41C1}.Debug|Win32.ActiveCfg = Debug|Win32
		{EB8F144E-AF6B-435E-B5B4-7B0C002D41C1}.Debug|Win32.Build.0 = Debug|Win32
		{EB8F144E-AF6B-435E-B5B4-7B0C002D41C1}.Debug|x64.ActiveCfg = Debug|Win32
		{EB8F144E-AF6B-435E-B5B4-7B0C002D41C1}.Debug|x86.ActiveCfg = Debug|Win32
		{EB8F144E-AF6B-435E-B5B4-7B0C002D41C1}.Debug|x86.Build.0 = Debug|Win32
		{EB8F144E-AF6B-435E-B5B4-7B0C002D41C1}.Release|Any CPU.ActiveCfg = Release|Win32
		{EB8F144E-AF6B-435E-B5B4-7B0C002D41C1}.Release|Mixed Platforms.ActiveCfg = Release|Win32
		{EB8F144E-AF6B-435E-B5B4-7B0C002D41C1}.Release|Mixed Platforms.Build.0 = Release|Win32
		{EB8F144E-AF6B-435E-B5B4-7B0C002D41C1}.Release|Win32.ActiveCfg = Release|Win32
		{EB8F144E-AF6B-435E-B5B4-7B0C002D41C1}.Release|Win32.Build.0 = Release|Win32
		{EB8F144E-AF6B-435E-B5B4-7B0C002D41C1}.Release|x64.ActiveCfg = Release|x64
		{EB8F144E-AF6B-435E-B5B4-7B0C002D41C1}.Release|x86.ActiveCfg = Release|Win32
		{EB8F144E-AF6B-435E-B5B4-7B0C002D41C1}.Release|x86.Build.0 = Release|Win32
		{3DB61408-BFAA-4587-A3E3-135662D2C7A1}.Debug|Any CPU.ActiveCfg = Debug|Win32
		{3DB61408-BFAA-4587-A3E3-135662D2C7A1}.Debug|Mixed Platforms.ActiveCfg = Debug|Win32
		{3DB61408-BFAA-4587-A3E3-135662D2C7A1}.Debug|Mixed Platforms.Build.0 = Debug|Win32
		{3DB61408-BFAA-4587-A3E3-135662D2C7A1}.Debug|Win32.ActiveCfg = Debug|Win32
		{3DB61408-BFAA-4587-A3E3-135662D2C7A1}.Debug|Win32.Build.0 = Debug|Win32
		{3DB61408-BFAA-4587-A3E3-135662D2C7A1}.Debug|x64.ActiveCfg = Debug|Win32
		{3DB61408-BFAA-4587-A3E3-135662D2C7A1}.Debug|x86.ActiveCfg = Debug|Win32
		{3DB61408-BFAA-4587-A3E3-135662D2C7A1}.Debug|x86.Build.0 = Debug|Win32
		{3DB61408-BFAA-4587-A3E3-135662D2C7A1}.Release|Any CPU.ActiveCfg = Release|Win32
		{3DB61408-BFAA-4587-A3E3-135662D2C7A1}.Release|Mixed Platforms.ActiveCfg = Release|Win32
		{3DB61408-BFAA-4587-A3E3-135662D2C7A1}.Release|Mixed Platforms.Build.0 = Release|Win32
		{3DB61408-BFAA-4587-A3E3-135662D2C7A1}.Release|Win32.ActiveCfg = Release|Win32
		{3DB61408-BFAA-4587-A3E3-135662D2C7A1}.Release|Win32.Build.0 = Release|Win32
		{3DB61408-BFAA-4587-A3E3-135662D2C7A1}.Release|x64.ActiveCfg = Release|Win32
		{3DB61408-BFAA-4587-A3E3-135662D2C7A1}.Release|x86.ActiveCfg = Release|Win32
		{3DB61408-BFAA-4587-A3E3-135662D2C7A1}.Release|x86.Build.0 = Release|Win32
		{C320C292-83A3-4FFB-8CC8-45DAC626042B}.Debug|Any CPU.ActiveCfg = Debug|Win32
		{C320C292-83A3-4FFB-8CC8-45DAC626042B}.Debug|Mixed Platforms.ActiveCfg = Debug|Win32
		{C320C292-83A3-4FFB-8CC8-45DAC626042B}.Debug|Mixed Platforms.Build.0 = Debug|Win32
		{C320C292-83A3-4FFB-8CC8-45DAC626042B}.Debug|Win32.ActiveCfg = Debug|Win32
		{C320C292-83A3-4FFB-8CC8-45DAC626042B}.Debug|Win32.Build.0 = Debug|Win32
		{C320C292-83A3-4FFB-8CC8-45DAC626042B}.Debug|x64.ActiveCfg = Debug|Win32
		{C320C292-83A3-4FFB-8CC8-45DAC626042B}.Debug|x86.ActiveCfg = Debug|Win32
		{C320C292-83A3-4FFB-8CC8-45DAC626042B}.Debug|x86.Build.0 = Debug|Win32
		{C320C292-83A3-4FFB-8CC8-45DAC626042B}.Release|Any CPU.ActiveCfg = Release|Win32
		{C320C292-83A3-4FFB-8CC8-45DAC626042B}.Release|Mixed Platforms.ActiveCfg = Release|Win32
		{C320C292-83A3-4FFB-8CC8-45DAC626042B}.Release|Mixed Platforms.Build.0 = Release|Win32
		{C320C292-83A3-4FFB-8CC8-45DAC626042B}.Release|Win32.ActiveCfg = Release|Win32
		{C320C292-83A3-4FFB-8CC8-45DAC626042B}.Release|Win32.Build.0 = Release|Win32
		{C320C292-83A3-4FFB-8CC8-45DAC626042B}.Release|x64.ActiveCfg = Release|Win32
		{C320C292-83A3-4FFB-8CC8-45DAC626042B}.Release|x86.ActiveCfg = Release|Win32
		{C320C292-83A3-4FFB-8CC8-45DAC626042B}.Release|x86.Build.0 = Release|Win32
	EndGlobalSection
	GlobalSection(SolutionProperties) = preSolution
		HideSolutionNode = FALSE
	EndGlobalSection
EndGlobal
