<?xml version="1.0" encoding="utf-8"?>
<Project ToolsVersion="4.0" xmlns="http://schemas.microsoft.com/developer/msbuild/2003">
  <ItemGroup>
    <ClCompile Include="ColorMarshaler.cpp">
      <Filter>ユーティリティ\CLIマーシャリング</Filter>
    </ClCompile>
    <ClCompile Include="ApplicationSettings.cpp">
      <Filter>設定</Filter>
    </ClCompile>
    <ClCompile Include="BoundarySettingCommand.cpp">
      <Filter>設定</Filter>
    </ClCompile>
    <ClCompile Include="DialogCommand.cpp">
      <Filter>コマンド</Filter>
    </ClCompile>
    <ClCompile Include="StringMarshaler.cpp">
      <Filter>ユーティリティ\CLIマーシャリング</Filter>
    </ClCompile>
    <ClCompile Include="XMLReader.cpp">
      <Filter>XML</Filter>
    </ClCompile>
    <ClCompile Include="XMLWriter.cpp">
      <Filter>XML</Filter>
    </ClCompile>
    <ClCompile Include="ExportCommandBase.cpp">
      <Filter>ファイルIO</Filter>
    </ClCompile>
    <ClCompile Include="ExportSettingCommand.cpp">
      <Filter>ファイルIO</Filter>
    </ClCompile>
    <ClCompile Include="GraphicsSettingCommand.cpp">
      <Filter>設定</Filter>
    </ClCompile>
    <ClCompile Include="MainCommand.cpp">
      <Filter>コマンド\メインコマンド</Filter>
    </ClCompile>
    <ClCompile Include="MainCommandBase.cpp">
      <Filter>コマンド\メインコマンド</Filter>
    </ClCompile>
    <ClCompile Include="ParticleInfoCommand.cpp">
      <Filter>表示</Filter>
    </ClCompile>
    <ClCompile Include="ParticleExportCommand.cpp">
      <Filter>ファイルIO</Filter>
    </ClCompile>
    <ClCompile Include="FileIOCommand.cpp">
      <Filter>ファイルIO</Filter>
    </ClCompile>
    <ClCompile Include="ProfileInfoCommand.cpp">
      <Filter>表示</Filter>
    </ClCompile>
    <ClCompile Include="SimulationSettingCommand.cpp">
      <Filter>設定</Filter>
    </ClCompile>
    <ClCompile Include="ImportSettingCommand.cpp">
      <Filter>設定</Filter>
    </ClCompile>
    <ClCompile Include="ObjectSettingCommand.cpp">
      <Filter>設定</Filter>
    </ClCompile>
    <ClCompile Include="ItemAndVariable.cpp">
      <Filter>ユーティリティ</Filter>
    </ClCompile>
    <ClCompile Include="SimulationCommand.cpp">
      <Filter>コマンド\アニメーションコマンド</Filter>
    </ClCompile>
    <ClCompile Include="AnimationCommandBase.cpp">
      <Filter>コマンド\アニメーションコマンド</Filter>
    </ClCompile>
  </ItemGroup>
  <ItemGroup>
    <ClInclude Include="ColorMarshaler.h">
      <Filter>ユーティリティ\CLIマーシャリング</Filter>
    </ClInclude>
    <ClInclude Include="ApplicationSettings.h">
      <Filter>設定</Filter>
    </ClInclude>
    <ClInclude Include="BoundarySettingCommand.h">
      <Filter>設定</Filter>
    </ClInclude>
    <ClInclude Include="DialogCommand.h">
      <Filter>コマンド</Filter>
    </ClInclude>
    <ClInclude Include="StringMarshaler.h">
      <Filter>ユーティリティ\CLIマーシャリング</Filter>
    </ClInclude>
    <ClInclude Include="XMLReader.h">
      <Filter>XML</Filter>
    </ClInclude>
    <ClInclude Include="XMLWriter.h">
      <Filter>XML</Filter>
    </ClInclude>
    <ClInclude Include="ExportCommandBase.h">
      <Filter>ファイルIO</Filter>
    </ClInclude>
    <ClInclude Include="ExportSettingCommand.h">
      <Filter>ファイルIO</Filter>
    </ClInclude>
    <ClInclude Include="GraphicsSettingCommand.h">
      <Filter>設定</Filter>
    </ClInclude>
    <ClInclude Include="MainCommand.h">
      <Filter>コマンド\メインコマンド</Filter>
    </ClInclude>
    <ClInclude Include="MainCommandBase.h">
      <Filter>コマンド\メインコマンド</Filter>
    </ClInclude>
    <ClInclude Include="ParticleInfoCommand.h">
      <Filter>表示</Filter>
    </ClInclude>
    <ClInclude Include="FileIOCommand.h">
      <Filter>ファイルIO</Filter>
    </ClInclude>
    <ClInclude Include="ProfileInfoCommand.h">
      <Filter>表示</Filter>
    </ClInclude>
    <ClInclude Include="ParticleExportCommand.h">
      <Filter>ファイルIO</Filter>
    </ClInclude>
    <ClInclude Include="SimulationSettingCommand.h">
      <Filter>設定</Filter>
    </ClInclude>
    <ClInclude Include="ImportSettingCommand.h">
      <Filter>設定</Filter>
    </ClInclude>
    <ClInclude Include="ObjectSettingCommand.h">
      <Filter>設定</Filter>
    </ClInclude>
    <ClInclude Include="ItemAndVariable.h">
      <Filter>ユーティリティ</Filter>
    </ClInclude>
    <ClInclude Include="SimulationCommand.h">
      <Filter>コマンド\アニメーションコマンド</Filter>
    </ClInclude>
    <ClInclude Include="AnimationCommandBase.h">
      <Filter>コマンド\アニメーションコマンド</Filter>
    </ClInclude>
  </ItemGroup>
  <ItemGroup>
    <Filter Include="コマンド">
      <UniqueIdentifier>{b7f2a42a-bf44-49cb-9028-0af3eeb4ecd5}</UniqueIdentifier>
    </Filter>
    <Filter Include="設定">
      <UniqueIdentifier>{257e93b9-ccc5-4297-87b6-cc2a2019041c}</UniqueIdentifier>
    </Filter>
    <Filter Include="XML">
      <UniqueIdentifier>{2df77865-4555-44b5-9f73-a5016843cbb1}</UniqueIdentifier>
    </Filter>
    <Filter Include="コマンド\メインコマンド">
      <UniqueIdentifier>{c8a0a7a2-49da-4d27-bf39-91d316442d7d}</UniqueIdentifier>
    </Filter>
    <Filter Include="表示">
      <UniqueIdentifier>{7451f109-8f94-4fcb-b7fa-00cb6a2dc135}</UniqueIdentifier>
    </Filter>
    <Filter Include="ファイルIO">
      <UniqueIdentifier>{7ce4195b-f4b2-4cd8-9435-cf01eb56b5e5}</UniqueIdentifier>
    </Filter>
    <Filter Include="ユーティリティ">
      <UniqueIdentifier>{1dd5df5a-427f-4b2f-b783-8e7a45dae7b6}</UniqueIdentifier>
    </Filter>
    <Filter Include="ユーティリティ\CLIマーシャリング">
      <UniqueIdentifier>{f5020a7c-406a-400a-8f29-914c4d9dc3f0}</UniqueIdentifier>
    </Filter>
    <Filter Include="コマンド\アニメーションコマンド">
      <UniqueIdentifier>{0901ca84-226d-49ce-83d7-4421336c57fb}</UniqueIdentifier>
    </Filter>
  </ItemGroup>
</Project>