
Microsoft Visual Studio Solution File, Format Version 11.00
# Visual C++ Express 2010
Project("{8BC9CEB8-8B4A-11D0-8D11-00A0C91BC942}") = "CrystalGeom", "CrystalGeom\CrystalGeom.vcxproj", "{FC36016D-B608-4558-93C3-5E756C5EC792}"
EndProject
Project("{8BC9CEB8-8B4A-11D0-8D11-00A0C91BC942}") = "CrystalGeomTest", "CrystalGeomTest\CrystalGeomTest.vcxproj", "{718484F0-C552-4637-8F31-3FAE0F926E4B}"
EndProject
Global
	GlobalSection(SolutionConfigurationPlatforms) = preSolution
		Debug|Win32 = Debug|Win32
		Release|Win32 = Release|Win32
	EndGlobalSection
	GlobalSection(ProjectConfigurationPlatforms) = postSolution
		{FC36016D-B608-4558-93C3-5E756C5EC792}.Debug|Win32.ActiveCfg = Debug|Win32
		{FC36016D-B608-4558-93C3-5E756C5EC792}.Debug|Win32.Build.0 = Debug|Win32
		{FC36016D-B608-4558-93C3-5E756C5EC792}.Release|Win32.ActiveCfg = Release|Win32
		{FC36016D-B608-4558-93C3-5E756C5EC792}.Release|Win32.Build.0 = Release|Win32
		{718484F0-C552-4637-8F31-3FAE0F926E4B}.Debug|Win32.ActiveCfg = Debug|Win32
		{718484F0-C552-4637-8F31-3FAE0F926E4B}.Debug|Win32.Build.0 = Debug|Win32
		{718484F0-C552-4637-8F31-3FAE0F926E4B}.Release|Win32.ActiveCfg = Release|Win32
		{718484F0-C552-4637-8F31-3FAE0F926E4B}.Release|Win32.Build.0 = Release|Win32
	EndGlobalSection
	GlobalSection(SolutionProperties) = preSolution
		HideSolutionNode = FALSE
	EndGlobalSection
EndGlobal
