<?xml version="1.0" encoding="utf-8"?>
<Project ToolsVersion="4.0" xmlns="http://schemas.microsoft.com/developer/msbuild/2003">
  <ItemGroup>
    <Filter Include="OpenGL">
      <UniqueIdentifier>{00a019f8-9f12-4009-a73e-a5f693b729a3}</UniqueIdentifier>
    </Filter>
    <Filter Include="Texture">
      <UniqueIdentifier>{e0406d82-3781-4206-9377-8bcbc85a88e4}</UniqueIdentifier>
    </Filter>
    <Filter Include="Rendering">
      <UniqueIdentifier>{4FC737F1-C7A5-4376-A066-2A32D752A2FF}</UniqueIdentifier>
      <Extensions>cpp;c;cc;cxx;def;odl;idl;hpj;bat;asm;asmx</Extensions>
    </Filter>
  </ItemGroup>
  <ItemGroup>
    <ClCompile Include="Renderer.cpp">
      <Filter>Rendering</Filter>
    </ClCompile>
    <ClCompile Include="OpenGLWrapper.cpp">
      <Filter>OpenGL</Filter>
    </ClCompile>
    <ClCompile Include="..\External\glee\GLee.cpp">
      <Filter>OpenGL</Filter>
    </ClCompile>
    <ClCompile Include="TextureCreator.cpp">
      <Filter>Texture</Filter>
    </ClCompile>
    <ClCompile Include="PointSprite.cpp">
      <Filter>Texture</Filter>
    </ClCompile>
  </ItemGroup>
  <ItemGroup>
    <ClInclude Include="Renderer.h">
      <Filter>Rendering</Filter>
    </ClInclude>
    <ClInclude Include="OpenGLWrapper.h">
      <Filter>OpenGL</Filter>
    </ClInclude>
    <ClInclude Include="..\External\glee\GLee.h">
      <Filter>OpenGL</Filter>
    </ClInclude>
    <ClInclude Include="TextureCreator.h">
      <Filter>Texture</Filter>
    </ClInclude>
    <ClInclude Include="PointSprite.h">
      <Filter>Texture</Filter>
    </ClInclude>
    <ClInclude Include="GraphicsSettings.h" />
  </ItemGroup>
</Project>