<?xml version="1.0" encoding="utf-8"?>
<Project ToolsVersion="4.0" xmlns="http://schemas.microsoft.com/developer/msbuild/2003">
  <ItemGroup>
    <Filter Include="Simulation">
      <UniqueIdentifier>{a621e9fe-e84a-42fe-8f3b-99c5746838a3}</UniqueIdentifier>
    </Filter>
    <Filter Include="PhysicsObject">
      <UniqueIdentifier>{9c8d95c0-fa90-49b8-8a52-d9bf02431bcd}</UniqueIdentifier>
    </Filter>
    <Filter Include="Space">
      <UniqueIdentifier>{5a01c280-b786-4c3d-a8b7-28de2a27a316}</UniqueIdentifier>
    </Filter>
    <Filter Include="Particle">
      <UniqueIdentifier>{89bdf7ec-5374-4f38-9036-001d680fc83a}</UniqueIdentifier>
    </Filter>
  </ItemGroup>
  <ItemGroup>
    <ClCompile Include="Particle.cpp">
      <Filter>Particle</Filter>
    </ClCompile>
    <ClCompile Include="NeighborSearcher.cpp">
      <Filter>Space</Filter>
    </ClCompile>
    <ClCompile Include="RigidEnforcer.cpp">
      <Filter>Simulation</Filter>
    </ClCompile>
    <ClCompile Include="SPHSolver.cpp">
      <Filter>Simulation</Filter>
    </ClCompile>
    <ClCompile Include="ParticleFactory.cpp">
      <Filter>Particle</Filter>
    </ClCompile>
  </ItemGroup>
  <ItemGroup>
    <ClInclude Include="PhysicsObject.h">
      <Filter>PhysicsObject</Filter>
    </ClInclude>
    <ClInclude Include="Simulation.h">
      <Filter>Simulation</Filter>
    </ClInclude>
    <ClInclude Include="SimulationSetting.h">
      <Filter>Simulation</Filter>
    </ClInclude>
    <ClInclude Include="Fluid.h">
      <Filter>PhysicsObject</Filter>
    </ClInclude>
    <ClInclude Include="Rigid.h">
      <Filter>PhysicsObject</Filter>
    </ClInclude>
    <ClInclude Include="Particle.h">
      <Filter>Particle</Filter>
    </ClInclude>
    <ClInclude Include="ParticlePair.h">
      <Filter>Particle</Filter>
    </ClInclude>
    <ClInclude Include="Kernels3D.h">
      <Filter>Simulation</Filter>
    </ClInclude>
    <ClInclude Include="BoundarySolver.h">
      <Filter>Simulation</Filter>
    </ClInclude>
    <ClInclude Include="Obstacle.h">
      <Filter>PhysicsObject</Filter>
    </ClInclude>
    <ClInclude Include="PhysicsObjectFactory.h">
      <Filter>PhysicsObject</Filter>
    </ClInclude>
    <ClInclude Include="NeighborSearcher.h">
      <Filter>Space</Filter>
    </ClInclude>
    <ClInclude Include="SearchParticle.h">
      <Filter>Space</Filter>
    </ClInclude>
    <ClInclude Include="SearchParticleFactory.h">
      <Filter>Space</Filter>
    </ClInclude>
    <ClInclude Include="RigidEnforcer.h">
      <Filter>Simulation</Filter>
    </ClInclude>
    <ClInclude Include="Profiler.h" />
    <ClInclude Include="SPHPairSolver.h">
      <Filter>Simulation</Filter>
    </ClInclude>
    <ClInclude Include="SPHSolver.h">
      <Filter>Simulation</Filter>
    </ClInclude>
    <ClInclude Include="ParticleConditions.h">
      <Filter>Particle</Filter>
    </ClInclude>
    <ClInclude Include="ParticleFactory.h">
      <Filter>Particle</Filter>
    </ClInclude>
  </ItemGroup>
</Project>