<?xml version="1.0" encoding="utf-8"?>
<Project ToolsVersion="4.0" xmlns="http://schemas.microsoft.com/developer/msbuild/2003">
  <ItemGroup>
    <ClCompile Include="CrystalPhysicsTest.cpp" />
    <ClCompile Include="NeighborSearcherTest.cpp" />
    <ClCompile Include="SearchParticleFactoryTest.cpp" />
    <ClCompile Include="ParticleFactoryTest.cpp" />
    <ClCompile Include="PhysicsObjectFactoryTest.cpp" />
    <ClCompile Include="SimulationTest.cpp" />
    <ClCompile Include="BoundarySolverTest.cpp" />
    <ClCompile Include="SPHPairSolverTest.cpp" />
    <ClCompile Include="SPHSolverTest.cpp" />
  </ItemGroup>
  <ItemGroup>
    <ClInclude Include="..\CrystalPhysics\BoundarySolver.h" />
    <ClInclude Include="..\CrystalPhysics\Fluid.h" />
    <ClInclude Include="..\CrystalPhysics\Kernels3D.h" />
    <ClInclude Include="..\CrystalPhysics\NeighborSearcher.h" />
    <ClInclude Include="..\CrystalPhysics\Obstacle.h" />
    <ClInclude Include="..\CrystalPhysics\Particle.h" />
    <ClInclude Include="..\CrystalPhysics\ParticleConditions.h" />
    <ClInclude Include="..\CrystalPhysics\ParticleFactory.h" />
    <ClInclude Include="..\CrystalPhysics\ParticlePair.h" />
    <ClInclude Include="..\CrystalPhysics\PhysicsObject.h" />
    <ClInclude Include="..\CrystalPhysics\PhysicsObjectFactory.h" />
    <ClInclude Include="..\CrystalPhysics\Profiler.h" />
    <ClInclude Include="..\CrystalPhysics\Rigid.h" />
    <ClInclude Include="..\CrystalPhysics\RigidEnforcer.h" />
    <ClInclude Include="..\CrystalPhysics\SearchParticle.h" />
    <ClInclude Include="..\CrystalPhysics\SearchParticleFactory.h" />
    <ClInclude Include="..\CrystalPhysics\Simulation.h" />
    <ClInclude Include="..\CrystalPhysics\SimulationSetting.h" />
    <ClInclude Include="..\CrystalPhysics\SPHPairSolver.h" />
    <ClInclude Include="..\CrystalPhysics\SPHSolver.h" />
  </ItemGroup>
</Project>