<?xml version="1.0" encoding="utf-8"?>
<Project ToolsVersion="4.0" xmlns="http://schemas.microsoft.com/developer/msbuild/2003">
  <ItemGroup>
    <Filter Include="Integrator">
      <UniqueIdentifier>{1406f8b2-96ec-44b9-8ff3-0558ea5f2eb8}</UniqueIdentifier>
    </Filter>
    <Filter Include="Enforcer">
      <UniqueIdentifier>{3b919a7e-4b36-400d-b751-3d63e3bc3b9b}</UniqueIdentifier>
    </Filter>
    <Filter Include="Simulation">
      <UniqueIdentifier>{a621e9fe-e84a-42fe-8f3b-99c5746838a3}</UniqueIdentifier>
    </Filter>
    <Filter Include="Simulation\Solver">
      <UniqueIdentifier>{f8e942f3-9bde-496d-aec8-c702b55dc4dc}</UniqueIdentifier>
    </Filter>
    <Filter Include="Simulation\Solver\カーネル">
      <UniqueIdentifier>{0bb9aed7-6d81-4fe6-81ce-4061b6c24ebe}</UniqueIdentifier>
    </Filter>
    <Filter Include="Simulation\Solver\SPHソルバ">
      <UniqueIdentifier>{7e185f9f-21cb-4a07-b1fd-502663a958f7}</UniqueIdentifier>
    </Filter>
    <Filter Include="Profiler">
      <UniqueIdentifier>{7823b1af-35fd-4b7d-a444-300735c43ce6}</UniqueIdentifier>
    </Filter>
    <Filter Include="PhysicsObject">
      <UniqueIdentifier>{9c8d95c0-fa90-49b8-8a52-d9bf02431bcd}</UniqueIdentifier>
    </Filter>
    <Filter Include="PhysicsObject\生成">
      <UniqueIdentifier>{68e59b0e-0f21-4c66-8c9e-d2003c845162}</UniqueIdentifier>
    </Filter>
    <Filter Include="Space">
      <UniqueIdentifier>{5a01c280-b786-4c3d-a8b7-28de2a27a316}</UniqueIdentifier>
    </Filter>
    <Filter Include="Space\NeighborSearch">
      <UniqueIdentifier>{bd5e102a-494f-43c8-b590-74c883eca79a}</UniqueIdentifier>
    </Filter>
    <Filter Include="Particle">
      <UniqueIdentifier>{89bdf7ec-5374-4f38-9036-001d680fc83a}</UniqueIdentifier>
    </Filter>
    <Filter Include="Particle\生成">
      <UniqueIdentifier>{e28c8d3c-ad5b-4a67-9ce4-ec3211622e2d}</UniqueIdentifier>
    </Filter>
  </ItemGroup>
  <ItemGroup>
    <ClCompile Include="BoundarySolver.cpp">
      <Filter>Simulation\Solver</Filter>
    </ClCompile>
    <ClCompile Include="Kernels.cpp">
      <Filter>Simulation\Solver\カーネル</Filter>
    </ClCompile>
    <ClCompile Include="Kernels2D.cpp">
      <Filter>Simulation\Solver\カーネル</Filter>
    </ClCompile>
    <ClCompile Include="Kernels3D.cpp">
      <Filter>Simulation\Solver\カーネル</Filter>
    </ClCompile>
    <ClCompile Include="ParticleConditions.cpp">
      <Filter>Particle\生成</Filter>
    </ClCompile>
    <ClCompile Include="ParticleFactory.cpp">
      <Filter>Particle\生成</Filter>
    </ClCompile>
    <ClCompile Include="PhysicsObject.cpp">
      <Filter>PhysicsObject</Filter>
    </ClCompile>
    <ClCompile Include="PhysicsObjectCondition.cpp">
      <Filter>PhysicsObject\生成</Filter>
    </ClCompile>
    <ClCompile Include="PhysicsObjectFactory.cpp">
      <Filter>PhysicsObject\生成</Filter>
    </ClCompile>
    <ClCompile Include="Simulation.cpp">
      <Filter>Simulation</Filter>
    </ClCompile>
    <ClCompile Include="SimulationSetting.cpp">
      <Filter>Simulation</Filter>
    </ClCompile>
    <ClCompile Include="NeighborSearcher.cpp">
      <Filter>Space\NeighborSearch</Filter>
    </ClCompile>
    <ClCompile Include="SearchParticle.cpp">
      <Filter>Space\NeighborSearch</Filter>
    </ClCompile>
    <ClCompile Include="SearchParticleFactory.cpp">
      <Filter>Space\NeighborSearch</Filter>
    </ClCompile>
    <ClCompile Include="Profiler.cpp">
      <Filter>Profiler</Filter>
    </ClCompile>
    <ClCompile Include="SPHSolver.cpp">
      <Filter>Simulation\Solver\SPHソルバ</Filter>
    </ClCompile>
    <ClCompile Include="TimeIntegratorBase.cpp">
      <Filter>Integrator</Filter>
    </ClCompile>
    <ClCompile Include="RigidEnforcer.cpp">
      <Filter>Enforcer</Filter>
    </ClCompile>
    <ClCompile Include="EnforcerBase.cpp">
      <Filter>Enforcer</Filter>
    </ClCompile>
    <ClCompile Include="SPHPairSolver.cpp">
      <Filter>Simulation\Solver\SPHソルバ</Filter>
    </ClCompile>
    <ClCompile Include="Fluid.cpp">
      <Filter>PhysicsObject</Filter>
    </ClCompile>
    <ClCompile Include="Rigid.cpp">
      <Filter>PhysicsObject</Filter>
    </ClCompile>
    <ClCompile Include="Particle.cpp">
      <Filter>Particle</Filter>
    </ClCompile>
    <ClCompile Include="ParticleDerive.cpp">
      <Filter>Particle</Filter>
    </ClCompile>
    <ClCompile Include="ParticlePair.cpp">
      <Filter>Particle</Filter>
    </ClCompile>
    <ClCompile Include="PhysicalTimeIntegrator.cpp">
      <Filter>Integrator</Filter>
    </ClCompile>
    <ClCompile Include="PhysicalTimeIntegratorBase.cpp">
      <Filter>Integrator</Filter>
    </ClCompile>
  </ItemGroup>
  <ItemGroup>
    <ClInclude Include="BoundarySolver.h">
      <Filter>Simulation\Solver</Filter>
    </ClInclude>
    <ClInclude Include="Kernels.h">
      <Filter>Simulation\Solver\カーネル</Filter>
    </ClInclude>
    <ClInclude Include="Kernels2D.h">
      <Filter>Simulation\Solver\カーネル</Filter>
    </ClInclude>
    <ClInclude Include="Kernels3D.h">
      <Filter>Simulation\Solver\カーネル</Filter>
    </ClInclude>
    <ClInclude Include="ParticleConditions.h">
      <Filter>Particle\生成</Filter>
    </ClInclude>
    <ClInclude Include="ParticleFactory.h">
      <Filter>Particle\生成</Filter>
    </ClInclude>
    <ClInclude Include="PhysicsObject.h">
      <Filter>PhysicsObject</Filter>
    </ClInclude>
    <ClInclude Include="PhysicsObjectCondition.h">
      <Filter>PhysicsObject\生成</Filter>
    </ClInclude>
    <ClInclude Include="PhysicsObjectFactory.h">
      <Filter>PhysicsObject\生成</Filter>
    </ClInclude>
    <ClInclude Include="Simulation.h">
      <Filter>Simulation</Filter>
    </ClInclude>
    <ClInclude Include="SimulationSetting.h">
      <Filter>Simulation</Filter>
    </ClInclude>
    <ClInclude Include="NeighborSearcher.h">
      <Filter>Space\NeighborSearch</Filter>
    </ClInclude>
    <ClInclude Include="SearchParticle.h">
      <Filter>Space\NeighborSearch</Filter>
    </ClInclude>
    <ClInclude Include="SearchParticleFactory.h">
      <Filter>Space\NeighborSearch</Filter>
    </ClInclude>
    <ClInclude Include="Profiler.h">
      <Filter>Profiler</Filter>
    </ClInclude>
    <ClInclude Include="SPHSolver.h">
      <Filter>Simulation\Solver\SPHソルバ</Filter>
    </ClInclude>
    <ClInclude Include="TimeIntegratorBase.h">
      <Filter>Integrator</Filter>
    </ClInclude>
    <ClInclude Include="RigidEnforcer.h">
      <Filter>Enforcer</Filter>
    </ClInclude>
    <ClInclude Include="EnforcerBase.h">
      <Filter>Enforcer</Filter>
    </ClInclude>
    <ClInclude Include="SPHPairSolver.h">
      <Filter>Simulation\Solver\SPHソルバ</Filter>
    </ClInclude>
    <ClInclude Include="Fluid.h">
      <Filter>PhysicsObject</Filter>
    </ClInclude>
    <ClInclude Include="Rigid.h">
      <Filter>PhysicsObject</Filter>
    </ClInclude>
    <ClInclude Include="Particle.h">
      <Filter>Particle</Filter>
    </ClInclude>
    <ClInclude Include="ParticleDerive.h">
      <Filter>Particle</Filter>
    </ClInclude>
    <ClInclude Include="ParticlePair.h">
      <Filter>Particle</Filter>
    </ClInclude>
    <ClInclude Include="PhysicalTimeIntegrator.h">
      <Filter>Integrator</Filter>
    </ClInclude>
    <ClInclude Include="PhysicalTimeIntegratorBase.h">
      <Filter>Integrator</Filter>
    </ClInclude>
  </ItemGroup>
</Project>