<?xml version="1.0" encoding="utf-8"?>
<Project ToolsVersion="4.0" xmlns="http://schemas.microsoft.com/developer/msbuild/2003">
  <ItemGroup>
    <ClCompile Include="ParticleMarshaler.cpp" />
    <ClCompile Include="ApplicationSettings.cpp" />
    <ClCompile Include="GraphicsSettingCommand.cpp" />
    <ClCompile Include="SimulationSettingCommand.cpp" />
    <ClCompile Include="ItemAndVariable.cpp" />
  </ItemGroup>
  <ItemGroup>
    <ClInclude Include="ParticleMarshaler.h" />
    <ClInclude Include="ApplicationSettings.h" />
    <ClInclude Include="GraphicsSettingCommand.h" />
    <ClInclude Include="SimulationSettingCommand.h" />
    <ClInclude Include="DialogCommand.h" />
    <ClInclude Include="ItemAndVariable.h" />
  </ItemGroup>
</Project>