<?xml version="1.0" encoding="utf-8"?>
<Project ToolsVersion="4.0" xmlns="http://schemas.microsoft.com/developer/msbuild/2003">
  <ItemGroup>
    <Filter Include="ToleranceTest">
      <UniqueIdentifier>{c18db486-ea8c-497c-9a09-22a87977bb7d}</UniqueIdentifier>
    </Filter>
    <Filter Include="VectorTest">
      <UniqueIdentifier>{de07c5ee-e1c7-4e00-bec4-605dd88bcc5f}</UniqueIdentifier>
    </Filter>
    <Filter Include="PointTest">
      <UniqueIdentifier>{8155474b-adea-4008-8955-49388248997a}</UniqueIdentifier>
    </Filter>
    <Filter Include="MatrixTest">
      <UniqueIdentifier>{31ec03e4-a25b-4b8f-842a-450d2ba5d5c9}</UniqueIdentifier>
    </Filter>
    <Filter Include="BoxTest">
      <UniqueIdentifier>{a3d48be0-0395-4407-aef9-a447a9cb1e91}</UniqueIdentifier>
    </Filter>
  </ItemGroup>
  <ItemGroup>
    <ClCompile Include="Matrix3dTest.cpp">
      <Filter>MatrixTest</Filter>
    </ClCompile>
    <ClCompile Include="QuaternionTest.cpp">
      <Filter>MatrixTest</Filter>
    </ClCompile>
    <ClCompile Include="Point3dTest.cpp">
      <Filter>PointTest</Filter>
    </ClCompile>
    <ClCompile Include="BoxTest.cpp">
      <Filter>BoxTest</Filter>
    </ClCompile>
    <ClCompile Include="Vector3dTest.cpp">
      <Filter>VectorTest</Filter>
    </ClCompile>
    <ClCompile Include="TolerancesTest.cpp">
      <Filter>ToleranceTest</Filter>
    </ClCompile>
    <ClCompile Include="CrystalGeomTest.cpp" />
  </ItemGroup>
  <ItemGroup>
    <ClInclude Include="Matrix3dTest.h">
      <Filter>MatrixTest</Filter>
    </ClInclude>
    <ClInclude Include="QuaternionTest.h">
      <Filter>MatrixTest</Filter>
    </ClInclude>
    <ClInclude Include="Point3dTest.h">
      <Filter>PointTest</Filter>
    </ClInclude>
    <ClInclude Include="BoxTest.h">
      <Filter>BoxTest</Filter>
    </ClInclude>
    <ClInclude Include="Vector3dTest.h">
      <Filter>VectorTest</Filter>
    </ClInclude>
    <ClInclude Include="TolerancesTest.h">
      <Filter>ToleranceTest</Filter>
    </ClInclude>
  </ItemGroup>
</Project>