
Microsoft Visual Studio Solution File, Format Version 12.00
# Visual Studio Express 2012 for Windows Desktop
Project("{FAE04EC0-301F-11D3-BF4B-00C04F79EFBC}") = "Cryphous", "Cryphous\Cryphous.csproj", "{488B4858-EE99-4ECF-A293-A89D67612241}"
	ProjectSection(ProjectDependencies) = postProject
		{CC78BD1A-2C14-4219-915D-1C5320C662FE} = {CC78BD1A-2C14-4219-915D-1C5320C662FE}
	EndProjectSection
EndProject
Project("{8BC9CEB8-8B4A-11D0-8D11-00A0C91BC942}") = "CrystalCommand", "..\Crystal\CrystalCommand\CrystalCommand.vcxproj", "{CC78BD1A-2C14-4219-915D-1C5320C662FE}"
EndProject
Global
	GlobalSection(SolutionConfigurationPlatforms) = preSolution
		Debug|Any CPU = Debug|Any CPU
		Debug|Mixed Platforms = Debug|Mixed Platforms
		Debug|Win32 = Debug|Win32
		Debug|x64 = Debug|x64
		Debug|x86 = Debug|x86
		Release|Any CPU = Release|Any CPU
		Release|Mixed Platforms = Release|Mixed Platforms
		Release|Win32 = Release|Win32
		Release|x64 = Release|x64
		Release|x86 = Release|x86
	EndGlobalSection
	GlobalSection(ProjectConfigurationPlatforms) = postSolution
		{488B4858-EE99-4ECF-A293-A89D67612241}.Debug|Any CPU.ActiveCfg = Debug|Any CPU
		{488B4858-EE99-4ECF-A293-A89D67612241}.Debug|Any CPU.Build.0 = Debug|Any CPU
		{488B4858-EE99-4ECF-A293-A89D67612241}.Debug|Mixed Platforms.ActiveCfg = Debug|x86
		{488B4858-EE99-4ECF-A293-A89D67612241}.Debug|Mixed Platforms.Build.0 = Debug|x86
		{488B4858-EE99-4ECF-A293-A89D67612241}.Debug|Win32.ActiveCfg = Debug|x86
		{488B4858-EE99-4ECF-A293-A89D67612241}.Debug|Win32.Build.0 = Debug|x86
		{488B4858-EE99-4ECF-A293-A89D67612241}.Debug|x64.ActiveCfg = Debug|x64
		{488B4858-EE99-4ECF-A293-A89D67612241}.Debug|x64.Build.0 = Debug|x64
		{488B4858-EE99-4ECF-A293-A89D67612241}.Debug|x86.ActiveCfg = Debug|x86
		{488B4858-EE99-4ECF-A293-A89D67612241}.Debug|x86.Build.0 = Debug|x86
		{488B4858-EE99-4ECF-A293-A89D67612241}.Release|Any CPU.ActiveCfg = Release|Any CPU
		{488B4858-EE99-4ECF-A293-A89D67612241}.Release|Any CPU.Build.0 = Release|Any CPU
		{488B4858-EE99-4ECF-A293-A89D67612241}.Release|Mixed Platforms.ActiveCfg = Release|x86
		{488B4858-EE99-4ECF-A293-A89D67612241}.Release|Mixed Platforms.Build.0 = Release|x86
		{488B4858-EE99-4ECF-A293-A89D67612241}.Release|Win32.ActiveCfg = Release|x86
		{488B4858-EE99-4ECF-A293-A89D67612241}.Release|Win32.Build.0 = Release|x86
		{488B4858-EE99-4ECF-A293-A89D67612241}.Release|x64.ActiveCfg = Release|x64
		{488B4858-EE99-4ECF-A293-A89D67612241}.Release|x64.Build.0 = Release|x64
		{488B4858-EE99-4ECF-A293-A89D67612241}.Release|x86.ActiveCfg = Release|x86
		{488B4858-EE99-4ECF-A293-A89D67612241}.Release|x86.Build.0 = Release|x86
		{CC78BD1A-2C14-4219-915D-1C5320C662FE}.Debug|Any CPU.ActiveCfg = Debug|Win32
		{CC78BD1A-2C14-4219-915D-1C5320C662FE}.Debug|Mixed Platforms.ActiveCfg = Debug|Win32
		{CC78BD1A-2C14-4219-915D-1C5320C662FE}.Debug|Mixed Platforms.Build.0 = Debug|Win32
		{CC78BD1A-2C14-4219-915D-1C5320C662FE}.Debug|Win32.ActiveCfg = Debug|Win32
		{CC78BD1A-2C14-4219-915D-1C5320C662FE}.Debug|Win32.Build.0 = Debug|Win32
		{CC78BD1A-2C14-4219-915D-1C5320C662FE}.Debug|x64.ActiveCfg = Debug|x64
		{CC78BD1A-2C14-4219-915D-1C5320C662FE}.Debug|x64.Build.0 = Debug|x64
		{CC78BD1A-2C14-4219-915D-1C5320C662FE}.Debug|x86.ActiveCfg = Debug|Win32
		{CC78BD1A-2C14-4219-915D-1C5320C662FE}.Debug|x86.Build.0 = Debug|Win32
		{CC78BD1A-2C14-4219-915D-1C5320C662FE}.Release|Any CPU.ActiveCfg = Release|Win32
		{CC78BD1A-2C14-4219-915D-1C5320C662FE}.Release|Mixed Platforms.ActiveCfg = Release|Win32
		{CC78BD1A-2C14-4219-915D-1C5320C662FE}.Release|Mixed Platforms.Build.0 = Release|Win32
		{CC78BD1A-2C14-4219-915D-1C5320C662FE}.Release|Win32.ActiveCfg = Release|Win32
		{CC78BD1A-2C14-4219-915D-1C5320C662FE}.Release|Win32.Build.0 = Release|Win32
		{CC78BD1A-2C14-4219-915D-1C5320C662FE}.Release|x64.ActiveCfg = Release|x64
		{CC78BD1A-2C14-4219-915D-1C5320C662FE}.Release|x64.Build.0 = Release|x64
		{CC78BD1A-2C14-4219-915D-1C5320C662FE}.Release|x86.ActiveCfg = Release|Win32
		{CC78BD1A-2C14-4219-915D-1C5320C662FE}.Release|x86.Build.0 = Release|Win32
	EndGlobalSection
	GlobalSection(SolutionProperties) = preSolution
		HideSolutionNode = FALSE
	EndGlobalSection
EndGlobal
