<?xml version="1.0" encoding="utf-8"?>
<Project ToolsVersion="4.0" xmlns="http://schemas.microsoft.com/developer/msbuild/2003">
  <ItemGroup>
    <Filter Include="Buffers">
      <UniqueIdentifier>{24fed2c3-22ba-4873-81ef-18f54c0711dd}</UniqueIdentifier>
    </Filter>
    <Filter Include="Textures">
      <UniqueIdentifier>{c950e722-2b5e-4cc1-b53d-f90393a7d6af}</UniqueIdentifier>
    </Filter>
    <Filter Include="GL">
      <UniqueIdentifier>{da132e7d-2b86-4c3b-a15b-36e2933607da}</UniqueIdentifier>
    </Filter>
    <Filter Include="Geometry">
      <UniqueIdentifier>{4d2dd8ef-a54d-425c-8717-d8f696ac3b23}</UniqueIdentifier>
    </Filter>
    <Filter Include="ShaderObject">
      <UniqueIdentifier>{71432b8c-d6ad-4916-b84d-dc3f993df68a}</UniqueIdentifier>
    </Filter>
    <Filter Include="Renderer">
      <UniqueIdentifier>{76db1ee5-d7ab-47bf-965d-1d94c21155a0}</UniqueIdentifier>
    </Filter>
    <Filter Include="Shaders">
      <UniqueIdentifier>{e71d61a6-ea57-4e80-80fe-4d1b53711541}</UniqueIdentifier>
    </Filter>
  </ItemGroup>
  <ItemGroup>
    <ClCompile Include="FrameBufferObject.cpp">
      <Filter>Buffers</Filter>
    </ClCompile>
    <ClCompile Include="RenderBufferObject.cpp">
      <Filter>Buffers</Filter>
    </ClCompile>
    <ClCompile Include="TextureObject.cpp">
      <Filter>Textures</Filter>
    </ClCompile>
    <ClCompile Include="GLee.cpp">
      <Filter>GL</Filter>
    </ClCompile>
    <ClCompile Include="GLSLUtility.cpp">
      <Filter>GL</Filter>
    </ClCompile>
    <ClCompile Include="GLSLMatrix.cpp">
      <Filter>Geometry</Filter>
    </ClCompile>
    <ClCompile Include="FragmentShader.cpp">
      <Filter>ShaderObject</Filter>
    </ClCompile>
    <ClCompile Include="GeometryShader.cpp">
      <Filter>ShaderObject</Filter>
    </ClCompile>
    <ClCompile Include="VertexShader.cpp">
      <Filter>ShaderObject</Filter>
    </ClCompile>
    <ClCompile Include="ShaderObject.cpp">
      <Filter>ShaderObject</Filter>
    </ClCompile>
    <ClCompile Include="ScreenRendererBase.cpp" />
    <ClCompile Include="ScreenSpaceFluidRenderer.cpp">
      <Filter>Renderer</Filter>
    </ClCompile>
    <ClCompile Include="PointSpriteRenderer.cpp">
      <Filter>Renderer</Filter>
    </ClCompile>
    <ClCompile Include="OnScreenRenderer.cpp">
      <Filter>Renderer</Filter>
    </ClCompile>
    <ClCompile Include="DepthSmoothingRenderer.cpp">
      <Filter>Renderer</Filter>
    </ClCompile>
    <ClCompile Include="DepthRenderer.cpp">
      <Filter>Renderer</Filter>
    </ClCompile>
    <ClCompile Include="OffScreenRendererBase.cpp">
      <Filter>Renderer</Filter>
    </ClCompile>
    <ClCompile Include="ThicknessRenderer.cpp">
      <Filter>Renderer</Filter>
    </ClCompile>
    <ClCompile Include="Bitmap.cpp" />
    <ClCompile Include="SplashRenderer.cpp">
      <Filter>Renderer</Filter>
    </ClCompile>
  </ItemGroup>
  <ItemGroup>
    <ClInclude Include="FrameBufferObject.h">
      <Filter>Buffers</Filter>
    </ClInclude>
    <ClInclude Include="RenderBufferObject.h">
      <Filter>Buffers</Filter>
    </ClInclude>
    <ClInclude Include="TextureObject.h">
      <Filter>Textures</Filter>
    </ClInclude>
    <ClInclude Include="GLee.h">
      <Filter>GL</Filter>
    </ClInclude>
    <ClInclude Include="GLSLUtility.h">
      <Filter>GL</Filter>
    </ClInclude>
    <ClInclude Include="GLSLMatrix.h">
      <Filter>Geometry</Filter>
    </ClInclude>
    <ClInclude Include="FragmentShader.h">
      <Filter>ShaderObject</Filter>
    </ClInclude>
    <ClInclude Include="GeometryShader.h">
      <Filter>ShaderObject</Filter>
    </ClInclude>
    <ClInclude Include="VertexShader.h">
      <Filter>ShaderObject</Filter>
    </ClInclude>
    <ClInclude Include="ShaderObject.h">
      <Filter>ShaderObject</Filter>
    </ClInclude>
    <ClInclude Include="Camera.h" />
    <ClInclude Include="ScreenRendererBase.h" />
    <ClInclude Include="ScreenSpaceFluidRenderer.h">
      <Filter>Renderer</Filter>
    </ClInclude>
    <ClInclude Include="PointSpriteRenderer.h">
      <Filter>Renderer</Filter>
    </ClInclude>
    <ClInclude Include="OnScreenRenderer.h">
      <Filter>Renderer</Filter>
    </ClInclude>
    <ClInclude Include="DepthSmoothingRenderer.h">
      <Filter>Renderer</Filter>
    </ClInclude>
    <ClInclude Include="DepthRenderer.h">
      <Filter>Renderer</Filter>
    </ClInclude>
    <ClInclude Include="OffScreenRendererBase.h">
      <Filter>Renderer</Filter>
    </ClInclude>
    <ClInclude Include="ThicknessRenderer.h">
      <Filter>Renderer</Filter>
    </ClInclude>
    <ClInclude Include="Bitmap.h" />
    <ClInclude Include="VisualParticle.h" />
    <ClInclude Include="SplashRenderer.h">
      <Filter>Renderer</Filter>
    </ClInclude>
  </ItemGroup>
  <ItemGroup>
    <None Include="..\Shaders\Billboard.fs">
      <Filter>Shaders</Filter>
    </None>
    <None Include="..\Shaders\Billboard.gs">
      <Filter>Shaders</Filter>
    </None>
    <None Include="..\Shaders\Billboard.vs">
      <Filter>Shaders</Filter>
    </None>
    <None Include="..\Shaders\PointSprite.fs">
      <Filter>Shaders</Filter>
    </None>
    <None Include="..\Shaders\PointSprite.gs">
      <Filter>Shaders</Filter>
    </None>
    <None Include="..\Shaders\PointSprite.vs">
      <Filter>Shaders</Filter>
    </None>
    <None Include="..\Shaders\Depth.fs">
      <Filter>Shaders</Filter>
    </None>
    <None Include="..\Shaders\Depth.gs">
      <Filter>Shaders</Filter>
    </None>
    <None Include="..\Shaders\Depth.vs">
      <Filter>Shaders</Filter>
    </None>
    <None Include="..\Shaders\Quad.fs">
      <Filter>Shaders</Filter>
    </None>
    <None Include="..\Shaders\Quad.gs">
      <Filter>Shaders</Filter>
    </None>
    <None Include="..\Shaders\Quad.vs">
      <Filter>Shaders</Filter>
    </None>
    <None Include="..\Shaders\DepthSmoothing.vs">
      <Filter>Shaders</Filter>
    </None>
    <None Include="..\Shaders\DepthSmoothing.gs">
      <Filter>Shaders</Filter>
    </None>
    <None Include="..\Shaders\DepthSmoothing.fs">
      <Filter>Shaders</Filter>
    </None>
    <None Include="..\Shaders\ScreenSpaceFluid.fs">
      <Filter>Shaders</Filter>
    </None>
    <None Include="..\Shaders\ScreenSpaceFluid.gs">
      <Filter>Shaders</Filter>
    </None>
    <None Include="..\Shaders\ScreenSpaceFluid.vs">
      <Filter>Shaders</Filter>
    </None>
    <None Include="..\Shaders\Thickness.fs">
      <Filter>Shaders</Filter>
    </None>
    <None Include="..\Shaders\Thickness.gs">
      <Filter>Shaders</Filter>
    </None>
    <None Include="..\Shaders\Thickness.vs">
      <Filter>Shaders</Filter>
    </None>
    <None Include="..\Shaders\Splash.fs">
      <Filter>Shaders</Filter>
    </None>
    <None Include="..\Shaders\Splash.gs">
      <Filter>Shaders</Filter>
    </None>
    <None Include="..\Shaders\Splash.vs">
      <Filter>Shaders</Filter>
    </None>
  </ItemGroup>
</Project>