<?xml version="1.0" encoding="utf-8"?>
<Project ToolsVersion="4.0" xmlns="http://schemas.microsoft.com/developer/msbuild/2003">
  <ItemGroup>
    <ClInclude Include="Tolerances.h" />
    <ClInclude Include="Vector3d.h" />
    <ClInclude Include="Box.h" />
    <ClInclude Include="Quaternion.h" />
    <ClInclude Include="Matrix3d.h" />
  </ItemGroup>
  <ItemGroup>
    <ClCompile Include="Matrix3d.cpp" />
  </ItemGroup>
</Project>